// !$*UTF8*$!
{
	archiveVersion = 1;
	classes = {
	};
	objectVersion = 46;
	objects = {

/* Begin PBXBuildFile section */
		C763EE322062BE72004A136E /* Interpole.swift in Sources */ = {isa = PBXBuildFile; fileRef = C763EE312062BE72004A136E /* Interpole.swift */; };
		C763EE362062BEAC004A136E /* SplineView.swift in Sources */ = {isa = PBXBuildFile; fileRef = C763EE352062BEAC004A136E /* SplineView.swift */; };
		C77A1FCA2018F9AF00060322 /* MainScreen.swift in Sources */ = {isa = PBXBuildFile; fileRef = C77A1FC92018F9AF00060322 /* MainScreen.swift */; };
		C787B9FC2045CAA900A3B498 /* Storyboards.swift in Sources */ = {isa = PBXBuildFile; fileRef = C787B9FB2045CAA900A3B498 /* Storyboards.swift */; };
		C787B9FE2045CE7A00A3B498 /* MainMenu.storyboard in Resources */ = {isa = PBXBuildFile; fileRef = C787B9FD2045CE7A00A3B498 /* MainMenu.storyboard */; };
		C7D5B0241FD9B3D600ADC122 /* Card.swift in Sources */ = {isa = PBXBuildFile; fileRef = C7D5B0231FD9B3D600ADC122 /* Card.swift */; };
		C7D5B0281FD9BDFB00ADC122 /* Flow.swift in Sources */ = {isa = PBXBuildFile; fileRef = C7D5B0271FD9BDFB00ADC122 /* Flow.swift */; };
		C7D74DEA1FD85CDF00261F2D /* AppDelegate.swift in Sources */ = {isa = PBXBuildFile; fileRef = C7D74DE91FD85CDF00261F2D /* AppDelegate.swift */; };
		C7D74DEC1FD85CDF00261F2D /* TabVeiw.swift in Sources */ = {isa = PBXBuildFile; fileRef = C7D74DEB1FD85CDF00261F2D /* TabVeiw.swift */; };
		C7D74DF11FD85CDF00261F2D /* Assets.xcassets in Resources */ = {isa = PBXBuildFile; fileRef = C7D74DF01FD85CDF00261F2D /* Assets.xcassets */; };
		C7D74DFF1FD85CDF00261F2D /* (null) in Sources */ = {isa = PBXBuildFile; };
		C7D74E0A1FD85CDF00261F2D /* wordsmithUITests.swift in Sources */ = {isa = PBXBuildFile; fileRef = C7D74E091FD85CDF00261F2D /* wordsmithUITests.swift */; };
		D90BB18A204873E1009C7464 /* Speech.swift in Sources */ = {isa = PBXBuildFile; fileRef = D90BB189204873E1009C7464 /* Speech.swift */; };
		D96A1F721FDEF8F600965ACD /* FlowView.swift in Sources */ = {isa = PBXBuildFile; fileRef = D96A1F711FDEF8F600965ACD /* FlowView.swift */; };
		D96B81191FD9B5460045381E /* CardVeiw.swift in Sources */ = {isa = PBXBuildFile; fileRef = D96B81181FD9B5460045381E /* CardVeiw.swift */; };
		D98C26321FE83E8A004CD5A7 /* FlowViewLayout.swift in Sources */ = {isa = PBXBuildFile; fileRef = D98C26311FE83E8A004CD5A7 /* FlowViewLayout.swift */; };
		D998581C201110660044CB9F /* FlowViewLayout.swift in Sources */ = {isa = PBXBuildFile; fileRef = D98C26311FE83E8A004CD5A7 /* FlowViewLayout.swift */; };
		D998581D201110670044CB9F /* FlowViewLayout.swift in Sources */ = {isa = PBXBuildFile; fileRef = D98C26311FE83E8A004CD5A7 /* FlowViewLayout.swift */; };
		D9CF42501FEAD58200B31A05 /* LaunchScreen.storyboard in Resources */ = {isa = PBXBuildFile; fileRef = D9CF424F1FEAD58200B31A05 /* LaunchScreen.storyboard */; };
		D9D84A9B1FE19DE00019328F /* Debate.swift in Sources */ = {isa = PBXBuildFile; fileRef = C7A618A61FDB013700062737 /* Debate.swift */; };
		D9E37714205ADDFD00059825 /* FlowView.swift in Sources */ = {isa = PBXBuildFile; fileRef = D96A1F711FDEF8F600965ACD /* FlowView.swift */; };
		D9E37715205ADDFE00059825 /* FlowView.swift in Sources */ = {isa = PBXBuildFile; fileRef = D96A1F711FDEF8F600965ACD /* FlowView.swift */; };
		D9E37716205ADE0E00059825 /* CardVeiw.swift in Sources */ = {isa = PBXBuildFile; fileRef = D96B81181FD9B5460045381E /* CardVeiw.swift */; };
		D9E37717205ADE0E00059825 /* CardVeiw.swift in Sources */ = {isa = PBXBuildFile; fileRef = D96B81181FD9B5460045381E /* CardVeiw.swift */; };
		D9E37718205ADE1900059825 /* Card.swift in Sources */ = {isa = PBXBuildFile; fileRef = C7D5B0231FD9B3D600ADC122 /* Card.swift */; };
		D9E37719205ADE1A00059825 /* Card.swift in Sources */ = {isa = PBXBuildFile; fileRef = C7D5B0231FD9B3D600ADC122 /* Card.swift */; };
		D9E3771A205ADE1D00059825 /* Speech.swift in Sources */ = {isa = PBXBuildFile; fileRef = D90BB189204873E1009C7464 /* Speech.swift */; };
		D9E3771B205ADE1D00059825 /* Speech.swift in Sources */ = {isa = PBXBuildFile; fileRef = D90BB189204873E1009C7464 /* Speech.swift */; };
/* End PBXBuildFile section */

/* Begin PBXContainerItemProxy section */
		C7D74DFB1FD85CDF00261F2D /* PBXContainerItemProxy */ = {
			isa = PBXContainerItemProxy;
			containerPortal = C7D74DDE1FD85CDF00261F2D /* Project object */;
			proxyType = 1;
			remoteGlobalIDString = C7D74DE51FD85CDF00261F2D;
			remoteInfo = wordsmith;
		};
		C7D74E061FD85CDF00261F2D /* PBXContainerItemProxy */ = {
			isa = PBXContainerItemProxy;
			containerPortal = C7D74DDE1FD85CDF00261F2D /* Project object */;
			proxyType = 1;
			remoteGlobalIDString = C7D74DE51FD85CDF00261F2D;
			remoteInfo = wordsmith;
		};
/* End PBXContainerItemProxy section */

/* Begin PBXFileReference section */
		C72CB80C1FEADA3800662255 /* XCTest.framework */ = {isa = PBXFileReference; lastKnownFileType = wrapper.framework; name = XCTest.framework; path = Platforms/iPhoneOS.platform/Developer/Library/Frameworks/XCTest.framework; sourceTree = DEVELOPER_DIR; };
		C763EE312062BE72004A136E /* Interpole.swift */ = {isa = PBXFileReference; lastKnownFileType = sourcecode.swift; path = Interpole.swift; sourceTree = "<group>"; };
		C763EE352062BEAC004A136E /* SplineView.swift */ = {isa = PBXFileReference; lastKnownFileType = sourcecode.swift; path = SplineView.swift; sourceTree = "<group>"; };
		C77A1FC92018F9AF00060322 /* MainScreen.swift */ = {isa = PBXFileReference; fileEncoding = 4; lastKnownFileType = sourcecode.swift; path = MainScreen.swift; sourceTree = "<group>"; };
		C787B9FB2045CAA900A3B498 /* Storyboards.swift */ = {isa = PBXFileReference; fileEncoding = 4; lastKnownFileType = sourcecode.swift; path = Storyboards.swift; sourceTree = "<group>"; };
		C787B9FD2045CE7A00A3B498 /* MainMenu.storyboard */ = {isa = PBXFileReference; fileEncoding = 4; lastKnownFileType = file.storyboard; path = MainMenu.storyboard; sourceTree = "<group>"; };
		C7A618A61FDB013700062737 /* Debate.swift */ = {isa = PBXFileReference; fileEncoding = 4; lastKnownFileType = sourcecode.swift; path = Debate.swift; sourceTree = "<group>"; };
		C7D5B0231FD9B3D600ADC122 /* Card.swift */ = {isa = PBXFileReference; fileEncoding = 4; lastKnownFileType = sourcecode.swift; path = Card.swift; sourceTree = "<group>"; };
		C7D5B0271FD9BDFB00ADC122 /* Flow.swift */ = {isa = PBXFileReference; fileEncoding = 4; lastKnownFileType = sourcecode.swift; path = Flow.swift; sourceTree = "<group>"; };
		C7D74DE61FD85CDF00261F2D /* wordsmith.app */ = {isa = PBXFileReference; explicitFileType = wrapper.application; includeInIndex = 0; path = wordsmith.app; sourceTree = BUILT_PRODUCTS_DIR; };
		C7D74DE91FD85CDF00261F2D /* AppDelegate.swift */ = {isa = PBXFileReference; lastKnownFileType = sourcecode.swift; path = AppDelegate.swift; sourceTree = "<group>"; };
		C7D74DEB1FD85CDF00261F2D /* TabVeiw.swift */ = {isa = PBXFileReference; lastKnownFileType = sourcecode.swift; path = TabVeiw.swift; sourceTree = "<group>"; };
		C7D74DF01FD85CDF00261F2D /* Assets.xcassets */ = {isa = PBXFileReference; lastKnownFileType = folder.assetcatalog; path = Assets.xcassets; sourceTree = "<group>"; };
		C7D74DF51FD85CDF00261F2D /* Info.plist */ = {isa = PBXFileReference; lastKnownFileType = text.plist.xml; path = Info.plist; sourceTree = "<group>"; };
		C7D74DFA1FD85CDF00261F2D /* wordsmithTests.xctest */ = {isa = PBXFileReference; explicitFileType = wrapper.cfbundle; includeInIndex = 0; path = wordsmithTests.xctest; sourceTree = BUILT_PRODUCTS_DIR; };
		C7D74E051FD85CDF00261F2D /* wordsmithUITests.xctest */ = {isa = PBXFileReference; explicitFileType = wrapper.cfbundle; includeInIndex = 0; path = wordsmithUITests.xctest; sourceTree = BUILT_PRODUCTS_DIR; };
		C7D74E091FD85CDF00261F2D /* wordsmithUITests.swift */ = {isa = PBXFileReference; lastKnownFileType = sourcecode.swift; path = wordsmithUITests.swift; sourceTree = "<group>"; };
		D90BB189204873E1009C7464 /* Speech.swift */ = {isa = PBXFileReference; lastKnownFileType = sourcecode.swift; path = Speech.swift; sourceTree = "<group>"; };
		D96A1F711FDEF8F600965ACD /* FlowView.swift */ = {isa = PBXFileReference; fileEncoding = 4; lastKnownFileType = sourcecode.swift; path = FlowView.swift; sourceTree = "<group>"; };
		D96B81181FD9B5460045381E /* CardVeiw.swift */ = {isa = PBXFileReference; fileEncoding = 4; lastKnownFileType = sourcecode.swift; path = CardVeiw.swift; sourceTree = "<group>"; };
		D98C26311FE83E8A004CD5A7 /* FlowViewLayout.swift */ = {isa = PBXFileReference; fileEncoding = 4; lastKnownFileType = sourcecode.swift; path = FlowViewLayout.swift; sourceTree = "<group>"; usesTabs = 0; };
		D9CF424F1FEAD58200B31A05 /* LaunchScreen.storyboard */ = {isa = PBXFileReference; fileEncoding = 4; lastKnownFileType = file.storyboard; path = LaunchScreen.storyboard; sourceTree = "<group>"; };
/* End PBXFileReference section */

/* Begin PBXFrameworksBuildPhase section */
		C7D74DE31FD85CDF00261F2D /* Frameworks */ = {
			isa = PBXFrameworksBuildPhase;
			buildActionMask = 2147483647;
			files = (
			);
			runOnlyForDeploymentPostprocessing = 0;
		};
		C7D74DF71FD85CDF00261F2D /* Frameworks */ = {
			isa = PBXFrameworksBuildPhase;
			buildActionMask = 2147483647;
			files = (
			);
			runOnlyForDeploymentPostprocessing = 0;
		};
		C7D74E021FD85CDF00261F2D /* Frameworks */ = {
			isa = PBXFrameworksBuildPhase;
			buildActionMask = 2147483647;
			files = (
			);
			runOnlyForDeploymentPostprocessing = 0;
		};
/* End PBXFrameworksBuildPhase section */

/* Begin PBXGroup section */
		C72CB80B1FEADA3800662255 /* Frameworks */ = {
			isa = PBXGroup;
			children = (
				C72CB80C1FEADA3800662255 /* XCTest.framework */,
			);
			name = Frameworks;
			sourceTree = "<group>";
		};
		C763EE302062BBA1004A136E /* Recovered References */ = {
			isa = PBXGroup;
			children = (
				C7D74E091FD85CDF00261F2D /* wordsmithUITests.swift */,
			);
			name = "Recovered References";
			sourceTree = "<group>";
		};
		C7D74DDD1FD85CDF00261F2D = {
			isa = PBXGroup;
			children = (
				C7D74DE81FD85CDF00261F2D /* wordsmith */,
				C7D74DE71FD85CDF00261F2D /* Products */,
				C72CB80B1FEADA3800662255 /* Frameworks */,
				C763EE302062BBA1004A136E /* Recovered References */,
			);
			sourceTree = "<group>";
		};
		C7D74DE71FD85CDF00261F2D /* Products */ = {
			isa = PBXGroup;
			children = (
				C7D74DE61FD85CDF00261F2D /* wordsmith.app */,
				C7D74DFA1FD85CDF00261F2D /* wordsmithTests.xctest */,
				C7D74E051FD85CDF00261F2D /* wordsmithUITests.xctest */,
			);
			name = Products;
			sourceTree = "<group>";
		};
		C7D74DE81FD85CDF00261F2D /* wordsmith */ = {
			isa = PBXGroup;
			children = (
				C7D74DE91FD85CDF00261F2D /* AppDelegate.swift */,
				C7D74DEB1FD85CDF00261F2D /* TabVeiw.swift */,
				D96B81181FD9B5460045381E /* CardVeiw.swift */,
				D96A1F711FDEF8F600965ACD /* FlowView.swift */,
				D98C26311FE83E8A004CD5A7 /* FlowViewLayout.swift */,
				C7D74DF01FD85CDF00261F2D /* Assets.xcassets */,
				D9CF424F1FEAD58200B31A05 /* LaunchScreen.storyboard */,
				C7D74DF51FD85CDF00261F2D /* Info.plist */,
				C7D5B0231FD9B3D600ADC122 /* Card.swift */,
				D90BB189204873E1009C7464 /* Speech.swift */,
				C7D5B0271FD9BDFB00ADC122 /* Flow.swift */,
				C7A618A61FDB013700062737 /* Debate.swift */,
				C77A1FC92018F9AF00060322 /* MainScreen.swift */,
				C787B9FB2045CAA900A3B498 /* Storyboards.swift */,
				C787B9FD2045CE7A00A3B498 /* MainMenu.storyboard */,
				C763EE312062BE72004A136E /* Interpole.swift */,
				C763EE352062BEAC004A136E /* SplineView.swift */,
			);
			path = wordsmith;
			sourceTree = "<group>";
		};
/* End PBXGroup section */

/* Begin PBXNativeTarget section */
		C7D74DE51FD85CDF00261F2D /* wordsmith */ = {
			isa = PBXNativeTarget;
			buildConfigurationList = C7D74E0E1FD85CDF00261F2D /* Build configuration list for PBXNativeTarget "wordsmith" */;
			buildPhases = (
				C7D74DE21FD85CDF00261F2D /* Sources */,
				C7D74DE31FD85CDF00261F2D /* Frameworks */,
				C7D74DE41FD85CDF00261F2D /* Resources */,
			);
			buildRules = (
			);
			dependencies = (
			);
			name = wordsmith;
			productName = wordsmith;
			productReference = C7D74DE61FD85CDF00261F2D /* wordsmith.app */;
			productType = "com.apple.product-type.application";
		};
		C7D74DF91FD85CDF00261F2D /* wordsmithTests */ = {
			isa = PBXNativeTarget;
			buildConfigurationList = C7D74E111FD85CDF00261F2D /* Build configuration list for PBXNativeTarget "wordsmithTests" */;
			buildPhases = (
				C7D74DF61FD85CDF00261F2D /* Sources */,
				C7D74DF71FD85CDF00261F2D /* Frameworks */,
				C7D74DF81FD85CDF00261F2D /* Resources */,
			);
			buildRules = (
			);
			dependencies = (
				C7D74DFC1FD85CDF00261F2D /* PBXTargetDependency */,
			);
			name = wordsmithTests;
			productName = wordsmithTests;
			productReference = C7D74DFA1FD85CDF00261F2D /* wordsmithTests.xctest */;
			productType = "com.apple.product-type.bundle.unit-test";
		};
		C7D74E041FD85CDF00261F2D /* wordsmithUITests */ = {
			isa = PBXNativeTarget;
			buildConfigurationList = C7D74E141FD85CDF00261F2D /* Build configuration list for PBXNativeTarget "wordsmithUITests" */;
			buildPhases = (
				C7D74E011FD85CDF00261F2D /* Sources */,
				C7D74E021FD85CDF00261F2D /* Frameworks */,
				C7D74E031FD85CDF00261F2D /* Resources */,
			);
			buildRules = (
			);
			dependencies = (
				C7D74E071FD85CDF00261F2D /* PBXTargetDependency */,
			);
			name = wordsmithUITests;
			productName = wordsmithUITests;
			productReference = C7D74E051FD85CDF00261F2D /* wordsmithUITests.xctest */;
			productType = "com.apple.product-type.bundle.ui-testing";
		};
/* End PBXNativeTarget section */

/* Begin PBXProject section */
		C7D74DDE1FD85CDF00261F2D /* Project object */ = {
			isa = PBXProject;
			attributes = {
				LastSwiftUpdateCheck = 0830;
				LastUpgradeCheck = 0920;
				ORGANIZATIONNAME = District196;
				TargetAttributes = {
					C7D74DE51FD85CDF00261F2D = {
						CreatedOnToolsVersion = 8.3.3;
						LastSwiftMigration = 0920;
						ProvisioningStyle = Automatic;
					};
					C7D74DF91FD85CDF00261F2D = {
						CreatedOnToolsVersion = 8.3.3;
						LastSwiftMigration = 0920;
						ProvisioningStyle = Automatic;
						TestTargetID = C7D74DE51FD85CDF00261F2D;
					};
					C7D74E041FD85CDF00261F2D = {
						CreatedOnToolsVersion = 8.3.3;
						LastSwiftMigration = 0920;
						ProvisioningStyle = Automatic;
						TestTargetID = C7D74DE51FD85CDF00261F2D;
					};
				};
			};
			buildConfigurationList = C7D74DE11FD85CDF00261F2D /* Build configuration list for PBXProject "wordsmith" */;
			compatibilityVersion = "Xcode 3.2";
			developmentRegion = English;
			hasScannedForEncodings = 0;
			knownRegions = (
				en,
				Base,
			);
			mainGroup = C7D74DDD1FD85CDF00261F2D;
			productRefGroup = C7D74DE71FD85CDF00261F2D /* Products */;
			projectDirPath = "";
			projectRoot = "";
			targets = (
				C7D74DE51FD85CDF00261F2D /* wordsmith */,
				C7D74DF91FD85CDF00261F2D /* wordsmithTests */,
				C7D74E041FD85CDF00261F2D /* wordsmithUITests */,
			);
		};
/* End PBXProject section */

/* Begin PBXResourcesBuildPhase section */
		C7D74DE41FD85CDF00261F2D /* Resources */ = {
			isa = PBXResourcesBuildPhase;
			buildActionMask = 2147483647;
			files = (
				C787B9FE2045CE7A00A3B498 /* MainMenu.storyboard in Resources */,
				D9CF42501FEAD58200B31A05 /* LaunchScreen.storyboard in Resources */,
				C7D74DF11FD85CDF00261F2D /* Assets.xcassets in Resources */,
			);
			runOnlyForDeploymentPostprocessing = 0;
		};
		C7D74DF81FD85CDF00261F2D /* Resources */ = {
			isa = PBXResourcesBuildPhase;
			buildActionMask = 2147483647;
			files = (
			);
			runOnlyForDeploymentPostprocessing = 0;
		};
		C7D74E031FD85CDF00261F2D /* Resources */ = {
			isa = PBXResourcesBuildPhase;
			buildActionMask = 2147483647;
			files = (
			);
			runOnlyForDeploymentPostprocessing = 0;
		};
/* End PBXResourcesBuildPhase section */

/* Begin PBXSourcesBuildPhase section */
		C7D74DE21FD85CDF00261F2D /* Sources */ = {
			isa = PBXSourcesBuildPhase;
			buildActionMask = 2147483647;
			files = (
				C77A1FCA2018F9AF00060322 /* MainScreen.swift in Sources */,
				D9D84A9B1FE19DE00019328F /* Debate.swift in Sources */,
				D96B81191FD9B5460045381E /* CardVeiw.swift in Sources */,
				D98C26321FE83E8A004CD5A7 /* FlowViewLayout.swift in Sources */,
				C763EE322062BE72004A136E /* Interpole.swift in Sources */,
				D96A1F721FDEF8F600965ACD /* FlowView.swift in Sources */,
				D90BB18A204873E1009C7464 /* Speech.swift in Sources */,
				C7D74DEC1FD85CDF00261F2D /* TabVeiw.swift in Sources */,
				C787B9FC2045CAA900A3B498 /* Storyboards.swift in Sources */,
				C7D5B0281FD9BDFB00ADC122 /* Flow.swift in Sources */,
				C7D5B0241FD9B3D600ADC122 /* Card.swift in Sources */,
				C763EE362062BEAC004A136E /* SplineView.swift in Sources */,
				C7D74DEA1FD85CDF00261F2D /* AppDelegate.swift in Sources */,
			);
			runOnlyForDeploymentPostprocessing = 0;
		};
		C7D74DF61FD85CDF00261F2D /* Sources */ = {
			isa = PBXSourcesBuildPhase;
			buildActionMask = 2147483647;
			files = (
				D998581C201110660044CB9F /* FlowViewLayout.swift in Sources */,
				C7D74DFF1FD85CDF00261F2D /* (null) in Sources */,
				D9E37718205ADE1900059825 /* Card.swift in Sources */,
				D9E3771A205ADE1D00059825 /* Speech.swift in Sources */,
				D9E37716205ADE0E00059825 /* CardVeiw.swift in Sources */,
				D9E37714205ADDFD00059825 /* FlowView.swift in Sources */,
			);
			runOnlyForDeploymentPostprocessing = 0;
		};
		C7D74E011FD85CDF00261F2D /* Sources */ = {
			isa = PBXSourcesBuildPhase;
			buildActionMask = 2147483647;
			files = (
				D998581D201110670044CB9F /* FlowViewLayout.swift in Sources */,
				C7D74E0A1FD85CDF00261F2D /* wordsmithUITests.swift in Sources */,
				D9E37719205ADE1A00059825 /* Card.swift in Sources */,
				D9E3771B205ADE1D00059825 /* Speech.swift in Sources */,
				D9E37717205ADE0E00059825 /* CardVeiw.swift in Sources */,
				D9E37715205ADDFE00059825 /* FlowView.swift in Sources */,
			);
			runOnlyForDeploymentPostprocessing = 0;
		};
/* End PBXSourcesBuildPhase section */

/* Begin PBXTargetDependency section */
		C7D74DFC1FD85CDF00261F2D /* PBXTargetDependency */ = {
			isa = PBXTargetDependency;
			target = C7D74DE51FD85CDF00261F2D /* wordsmith */;
			targetProxy = C7D74DFB1FD85CDF00261F2D /* PBXContainerItemProxy */;
		};
		C7D74E071FD85CDF00261F2D /* PBXTargetDependency */ = {
			isa = PBXTargetDependency;
			target = C7D74DE51FD85CDF00261F2D /* wordsmith */;
			targetProxy = C7D74E061FD85CDF00261F2D /* PBXContainerItemProxy */;
		};
/* End PBXTargetDependency section */

/* Begin XCBuildConfiguration section */
		C7D74E0C1FD85CDF00261F2D /* Debug */ = {
			isa = XCBuildConfiguration;
			buildSettings = {
				ALWAYS_SEARCH_USER_PATHS = NO;
				CLANG_ANALYZER_NONNULL = YES;
				CLANG_ANALYZER_NUMBER_OBJECT_CONVERSION = YES_AGGRESSIVE;
				CLANG_CXX_LANGUAGE_STANDARD = "gnu++0x";
				CLANG_CXX_LIBRARY = "libc++";
				CLANG_ENABLE_MODULES = YES;
				CLANG_ENABLE_OBJC_ARC = YES;
				CLANG_WARN_BLOCK_CAPTURE_AUTORELEASING = YES;
				CLANG_WARN_BOOL_CONVERSION = YES;
				CLANG_WARN_COMMA = YES;
				CLANG_WARN_CONSTANT_CONVERSION = YES;
				CLANG_WARN_DIRECT_OBJC_ISA_USAGE = YES_ERROR;
				CLANG_WARN_DOCUMENTATION_COMMENTS = YES;
				CLANG_WARN_EMPTY_BODY = YES;
				CLANG_WARN_ENUM_CONVERSION = YES;
				CLANG_WARN_INFINITE_RECURSION = YES;
				CLANG_WARN_INT_CONVERSION = YES;
				CLANG_WARN_NON_LITERAL_NULL_CONVERSION = YES;
				CLANG_WARN_OBJC_LITERAL_CONVERSION = YES;
				CLANG_WARN_OBJC_ROOT_CLASS = YES_ERROR;
				CLANG_WARN_RANGE_LOOP_ANALYSIS = YES;
				CLANG_WARN_STRICT_PROTOTYPES = YES;
				CLANG_WARN_SUSPICIOUS_MOVE = YES;
				CLANG_WARN_UNREACHABLE_CODE = YES;
				CLANG_WARN__DUPLICATE_METHOD_MATCH = YES;
				"CODE_SIGN_IDENTITY[sdk=iphoneos*]" = "iPhone Developer";
				COPY_PHASE_STRIP = NO;
				DEBUG_INFORMATION_FORMAT = dwarf;
				ENABLE_STRICT_OBJC_MSGSEND = YES;
				ENABLE_TESTABILITY = YES;
				GCC_C_LANGUAGE_STANDARD = gnu99;
				GCC_DYNAMIC_NO_PIC = NO;
				GCC_NO_COMMON_BLOCKS = YES;
				GCC_OPTIMIZATION_LEVEL = 0;
				GCC_PREPROCESSOR_DEFINITIONS = (
					"DEBUG=1",
					"$(inherited)",
				);
				GCC_WARN_64_TO_32_BIT_CONVERSION = YES;
				GCC_WARN_ABOUT_RETURN_TYPE = YES_ERROR;
				GCC_WARN_UNDECLARED_SELECTOR = YES;
				GCC_WARN_UNINITIALIZED_AUTOS = YES_AGGRESSIVE;
				GCC_WARN_UNUSED_FUNCTION = YES;
				GCC_WARN_UNUSED_VARIABLE = YES;
				IPHONEOS_DEPLOYMENT_TARGET = 10.3;
				MTL_ENABLE_DEBUG_INFO = YES;
				ONLY_ACTIVE_ARCH = YES;
				SDKROOT = iphoneos;
				SWIFT_ACTIVE_COMPILATION_CONDITIONS = DEBUG;
				SWIFT_OPTIMIZATION_LEVEL = "-Onone";
				TARGETED_DEVICE_FAMILY = "1,2";
			};
			name = Debug;
		};
		C7D74E0D1FD85CDF00261F2D /* Release */ = {
			isa = XCBuildConfiguration;
			buildSettings = {
				ALWAYS_SEARCH_USER_PATHS = NO;
				CLANG_ANALYZER_NONNULL = YES;
				CLANG_ANALYZER_NUMBER_OBJECT_CONVERSION = YES_AGGRESSIVE;
				CLANG_CXX_LANGUAGE_STANDARD = "gnu++0x";
				CLANG_CXX_LIBRARY = "libc++";
				CLANG_ENABLE_MODULES = YES;
				CLANG_ENABLE_OBJC_ARC = YES;
				CLANG_WARN_BLOCK_CAPTURE_AUTORELEASING = YES;
				CLANG_WARN_BOOL_CONVERSION = YES;
				CLANG_WARN_COMMA = YES;
				CLANG_WARN_CONSTANT_CONVERSION = YES;
				CLANG_WARN_DIRECT_OBJC_ISA_USAGE = YES_ERROR;
				CLANG_WARN_DOCUMENTATION_COMMENTS = YES;
				CLANG_WARN_EMPTY_BODY = YES;
				CLANG_WARN_ENUM_CONVERSION = YES;
				CLANG_WARN_INFINITE_RECURSION = YES;
				CLANG_WARN_INT_CONVERSION = YES;
				CLANG_WARN_NON_LITERAL_NULL_CONVERSION = YES;
				CLANG_WARN_OBJC_LITERAL_CONVERSION = YES;
				CLANG_WARN_OBJC_ROOT_CLASS = YES_ERROR;
				CLANG_WARN_RANGE_LOOP_ANALYSIS = YES;
				CLANG_WARN_STRICT_PROTOTYPES = YES;
				CLANG_WARN_SUSPICIOUS_MOVE = YES;
				CLANG_WARN_UNREACHABLE_CODE = YES;
				CLANG_WARN__DUPLICATE_METHOD_MATCH = YES;
				"CODE_SIGN_IDENTITY[sdk=iphoneos*]" = "iPhone Developer";
				COPY_PHASE_STRIP = NO;
				DEBUG_INFORMATION_FORMAT = "dwarf-with-dsym";
				ENABLE_NS_ASSERTIONS = NO;
				ENABLE_STRICT_OBJC_MSGSEND = YES;
				GCC_C_LANGUAGE_STANDARD = gnu99;
				GCC_NO_COMMON_BLOCKS = YES;
				GCC_WARN_64_TO_32_BIT_CONVERSION = YES;
				GCC_WARN_ABOUT_RETURN_TYPE = YES_ERROR;
				GCC_WARN_UNDECLARED_SELECTOR = YES;
				GCC_WARN_UNINITIALIZED_AUTOS = YES_AGGRESSIVE;
				GCC_WARN_UNUSED_FUNCTION = YES;
				GCC_WARN_UNUSED_VARIABLE = YES;
				IPHONEOS_DEPLOYMENT_TARGET = 10.3;
				MTL_ENABLE_DEBUG_INFO = NO;
				SDKROOT = iphoneos;
				SWIFT_OPTIMIZATION_LEVEL = "-Owholemodule";
				TARGETED_DEVICE_FAMILY = "1,2";
				VALIDATE_PRODUCT = YES;
			};
			name = Release;
		};
		C7D74E0F1FD85CDF00261F2D /* Debug */ = {
			isa = XCBuildConfiguration;
			buildSettings = {
				ASSETCATALOG_COMPILER_APPICON_NAME = AppIcon;
				INFOPLIST_FILE = wordsmith/Info.plist;
				LD_RUNPATH_SEARCH_PATHS = "$(inherited) @executable_path/Frameworks";
				PRODUCT_BUNDLE_IDENTIFIER = org.District196.wordsmith;
				PRODUCT_NAME = "$(TARGET_NAME)";
				SWIFT_SWIFT3_OBJC_INFERENCE = On;
				SWIFT_VERSION = 4.0;
			};
			name = Debug;
		};
		C7D74E101FD85CDF00261F2D /* Release */ = {
			isa = XCBuildConfiguration;
			buildSettings = {
				ASSETCATALOG_COMPILER_APPICON_NAME = AppIcon;
				INFOPLIST_FILE = wordsmith/Info.plist;
				LD_RUNPATH_SEARCH_PATHS = "$(inherited) @executable_path/Frameworks";
				PRODUCT_BUNDLE_IDENTIFIER = org.District196.wordsmith;
				PRODUCT_NAME = "$(TARGET_NAME)";
				SWIFT_SWIFT3_OBJC_INFERENCE = On;
				SWIFT_VERSION = 4.0;
			};
			name = Release;
		};
		C7D74E121FD85CDF00261F2D /* Debug */ = {
			isa = XCBuildConfiguration;
			buildSettings = {
				ALWAYS_EMBED_SWIFT_STANDARD_LIBRARIES = YES;
				BUNDLE_LOADER = "$(TEST_HOST)";
				INFOPLIST_FILE = wordsmithTests/Info.plist;
				LD_RUNPATH_SEARCH_PATHS = "$(inherited) @executable_path/Frameworks @loader_path/Frameworks";
				PRODUCT_BUNDLE_IDENTIFIER = org.District196.wordsmithTests;
				PRODUCT_NAME = "$(TARGET_NAME)";
				SWIFT_SWIFT3_OBJC_INFERENCE = On;
				SWIFT_VERSION = 4.0;
				TEST_HOST = "$(BUILT_PRODUCTS_DIR)/wordsmith.app/wordsmith";
			};
			name = Debug;
		};
		C7D74E131FD85CDF00261F2D /* Release */ = {
			isa = XCBuildConfiguration;
			buildSettings = {
				ALWAYS_EMBED_SWIFT_STANDARD_LIBRARIES = YES;
				BUNDLE_LOADER = "$(TEST_HOST)";
				INFOPLIST_FILE = wordsmithTests/Info.plist;
				LD_RUNPATH_SEARCH_PATHS = "$(inherited) @executable_path/Frameworks @loader_path/Frameworks";
				PRODUCT_BUNDLE_IDENTIFIER = org.District196.wordsmithTests;
				PRODUCT_NAME = "$(TARGET_NAME)";
				SWIFT_SWIFT3_OBJC_INFERENCE = On;
				SWIFT_VERSION = 4.0;
				TEST_HOST = "$(BUILT_PRODUCTS_DIR)/wordsmith.app/wordsmith";
			};
			name = Release;
		};
		C7D74E151FD85CDF00261F2D /* Debug */ = {
			isa = XCBuildConfiguration;
			buildSettings = {
				ALWAYS_EMBED_SWIFT_STANDARD_LIBRARIES = YES;
				INFOPLIST_FILE = wordsmithUITests/Info.plist;
				LD_RUNPATH_SEARCH_PATHS = "$(inherited) @executable_path/Frameworks @loader_path/Frameworks";
				PRODUCT_BUNDLE_IDENTIFIER = org.District196.wordsmithUITests;
				PRODUCT_NAME = "$(TARGET_NAME)";
				SWIFT_SWIFT3_OBJC_INFERENCE = On;
				SWIFT_VERSION = 4.0;
				TEST_TARGET_NAME = wordsmith;
			};
			name = Debug;
		};
		C7D74E161FD85CDF00261F2D /* Release */ = {
			isa = XCBuildConfiguration;
			buildSettings = {
				ALWAYS_EMBED_SWIFT_STANDARD_LIBRARIES = YES;
				INFOPLIST_FILE = wordsmithUITests/Info.plist;
				LD_RUNPATH_SEARCH_PATHS = "$(inherited) @executable_path/Frameworks @loader_path/Frameworks";
				PRODUCT_BUNDLE_IDENTIFIER = org.District196.wordsmithUITests;
				PRODUCT_NAME = "$(TARGET_NAME)";
				SWIFT_SWIFT3_OBJC_INFERENCE = On;
				SWIFT_VERSION = 4.0;
				TEST_TARGET_NAME = wordsmith;
			};
			name = Release;
		};
/* End XCBuildConfiguration section */

/* Begin XCConfigurationList section */
		C7D74DE11FD85CDF00261F2D /* Build configuration list for PBXProject "wordsmith" */ = {
			isa = XCConfigurationList;
			buildConfigurations = (
				C7D74E0C1FD85CDF00261F2D /* Debug */,
				C7D74E0D1FD85CDF00261F2D /* Release */,
			);
			defaultConfigurationIsVisible = 0;
			defaultConfigurationName = Release;
		};
		C7D74E0E1FD85CDF00261F2D /* Build configuration list for PBXNativeTarget "wordsmith" */ = {
			isa = XCConfigurationList;
			buildConfigurations = (
				C7D74E0F1FD85CDF00261F2D /* Debug */,
				C7D74E101FD85CDF00261F2D /* Release */,
			);
			defaultConfigurationIsVisible = 0;
			defaultConfigurationName = Release;
		};
		C7D74E111FD85CDF00261F2D /* Build configuration list for PBXNativeTarget "wordsmithTests" */ = {
			isa = XCConfigurationList;
			buildConfigurations = (
				C7D74E121FD85CDF00261F2D /* Debug */,
				C7D74E131FD85CDF00261F2D /* Release */,
			);
			defaultConfigurationIsVisible = 0;
			defaultConfigurationName = Release;
		};
		C7D74E141FD85CDF00261F2D /* Build configuration list for PBXNativeTarget "wordsmithUITests" */ = {
			isa = XCConfigurationList;
			buildConfigurations = (
				C7D74E151FD85CDF00261F2D /* Debug */,
				C7D74E161FD85CDF00261F2D /* Release */,
			);
			defaultConfigurationIsVisible = 0;
			defaultConfigurationName = Release;
		};
/* End XCConfigurationList section */
	};
	rootObject = C7D74DDE1FD85CDF00261F2D /* Project object */;
}
